
Microsoft Visual Studio Solution File, Format Version 12.00
# Visual Studio Version 16
VisualStudioVersion = 16.0.30204.135
MinimumVisualStudioVersion = 10.0.40219.1
Project("{FAE04EC0-301F-11D3-BF4B-00C04F79EFBC}") = "IndexerInterface", "IndexerInterface\IndexerInterface.csproj", "{46257BBC-47F8-48F8-8B78-E1BD516B73EF}"
EndProject
Global
	GlobalSection(SolutionConfigurationPlatforms) = preSolution
		Debug|Any CPU = Debug|Any CPU
		Release|Any CPU = Release|Any CPU
	EndGlobalSection
	GlobalSection(ProjectConfigurationPlatforms) = postSolution
		{46257BBC-47F8-48F8-8B78-E1BD516B73EF}.Debug|Any CPU.ActiveCfg = Debug|Any CPU
		{46257BBC-47F8-48F8-8B78-E1BD516B73EF}.Debug|Any CPU.Build.0 = Debug|Any CPU
		{46257BBC-47F8-48F8-8B78-E1BD516B73EF}.Release|Any CPU.ActiveCfg = Release|Any CPU
		{46257BBC-47F8-48F8-8B78-E1BD516B73EF}.Release|Any CPU.Build.0 = Release|Any CPU
	EndGlobalSection
	GlobalSection(SolutionProperties) = preSolution
		HideSolutionNode = FALSE
	EndGlobalSection
	GlobalSection(ExtensibilityGlobals) = postSolution
		SolutionGuid = {5AD78502-51A6-4B55-9F59-957C817489BC}
	EndGlobalSection
EndGlobal
