
Microsoft Visual Studio Solution File, Format Version 12.00
# Visual Studio Version 16
VisualStudioVersion = 16.0.30204.135
MinimumVisualStudioVersion = 10.0.40219.1
Project("{FAE04EC0-301F-11D3-BF4B-00C04F79EFBC}") = "Calisma2", "Calisma2\Calisma2.csproj", "{9628CD24-F6B1-4DCE-BB5E-246C7151CDEC}"
EndProject
Global
	GlobalSection(SolutionConfigurationPlatforms) = preSolution
		Debug|Any CPU = Debug|Any CPU
		Release|Any CPU = Release|Any CPU
	EndGlobalSection
	GlobalSection(ProjectConfigurationPlatforms) = postSolution
		{9628CD24-F6B1-4DCE-BB5E-246C7151CDEC}.Debug|Any CPU.ActiveCfg = Debug|Any CPU
		{9628CD24-F6B1-4DCE-BB5E-246C7151CDEC}.Debug|Any CPU.Build.0 = Debug|Any CPU
		{9628CD24-F6B1-4DCE-BB5E-246C7151CDEC}.Release|Any CPU.ActiveCfg = Release|Any CPU
		{9628CD24-F6B1-4DCE-BB5E-246C7151CDEC}.Release|Any CPU.Build.0 = Release|Any CPU
	EndGlobalSection
	GlobalSection(SolutionProperties) = preSolution
		HideSolutionNode = FALSE
	EndGlobalSection
	GlobalSection(ExtensibilityGlobals) = postSolution
		SolutionGuid = {4FEB344E-BB68-4C7D-978A-2906D4218B97}
	EndGlobalSection
EndGlobal
