
Microsoft Visual Studio Solution File, Format Version 12.00
# Visual Studio Version 16
VisualStudioVersion = 16.0.30011.22
MinimumVisualStudioVersion = 10.0.40219.1
Project("{FAE04EC0-301F-11D3-BF4B-00C04F79EFBC}") = "Event", "Event\Event.csproj", "{8D46FA62-51CA-4191-B9DA-41E1AF015995}"
EndProject
Global
	GlobalSection(SolutionConfigurationPlatforms) = preSolution
		Debug|Any CPU = Debug|Any CPU
		Release|Any CPU = Release|Any CPU
	EndGlobalSection
	GlobalSection(ProjectConfigurationPlatforms) = postSolution
		{8D46FA62-51CA-4191-B9DA-41E1AF015995}.Debug|Any CPU.ActiveCfg = Debug|Any CPU
		{8D46FA62-51CA-4191-B9DA-41E1AF015995}.Debug|Any CPU.Build.0 = Debug|Any CPU
		{8D46FA62-51CA-4191-B9DA-41E1AF015995}.Release|Any CPU.ActiveCfg = Release|Any CPU
		{8D46FA62-51CA-4191-B9DA-41E1AF015995}.Release|Any CPU.Build.0 = Release|Any CPU
	EndGlobalSection
	GlobalSection(SolutionProperties) = preSolution
		HideSolutionNode = FALSE
	EndGlobalSection
	GlobalSection(ExtensibilityGlobals) = postSolution
		SolutionGuid = {DDF3EB73-9AA6-47CD-A794-4174F3D6CD3E}
	EndGlobalSection
EndGlobal
