
Microsoft Visual Studio Solution File, Format Version 12.00
# Visual Studio Version 16
VisualStudioVersion = 16.0.29709.97
MinimumVisualStudioVersion = 10.0.40219.1
Project("{FAE04EC0-301F-11D3-BF4B-00C04F79EFBC}") = "EnumClass", "EnumClass\EnumClass.csproj", "{158A0686-2851-437D-8FA6-F9793268CEB1}"
EndProject
Global
	GlobalSection(SolutionConfigurationPlatforms) = preSolution
		Debug|Any CPU = Debug|Any CPU
		Release|Any CPU = Release|Any CPU
	EndGlobalSection
	GlobalSection(ProjectConfigurationPlatforms) = postSolution
		{158A0686-2851-437D-8FA6-F9793268CEB1}.Debug|Any CPU.ActiveCfg = Debug|Any CPU
		{158A0686-2851-437D-8FA6-F9793268CEB1}.Debug|Any CPU.Build.0 = Debug|Any CPU
		{158A0686-2851-437D-8FA6-F9793268CEB1}.Release|Any CPU.ActiveCfg = Release|Any CPU
		{158A0686-2851-437D-8FA6-F9793268CEB1}.Release|Any CPU.Build.0 = Release|Any CPU
	EndGlobalSection
	GlobalSection(SolutionProperties) = preSolution
		HideSolutionNode = FALSE
	EndGlobalSection
	GlobalSection(ExtensibilityGlobals) = postSolution
		SolutionGuid = {FDD69085-FB47-4B46-A230-CF810B3A1AC3}
	EndGlobalSection
EndGlobal
