
Microsoft Visual Studio Solution File, Format Version 12.00
# Visual Studio Version 16
VisualStudioVersion = 16.0.29806.167
MinimumVisualStudioVersion = 10.0.40219.1
Project("{FAE04EC0-301F-11D3-BF4B-00C04F79EFBC}") = "Inheritance", "Inheritance\Inheritance.csproj", "{BD7C3FD0-C932-4D15-9F75-8C8EADB63FE1}"
EndProject
Global
	GlobalSection(SolutionConfigurationPlatforms) = preSolution
		Debug|Any CPU = Debug|Any CPU
		Release|Any CPU = Release|Any CPU
	EndGlobalSection
	GlobalSection(ProjectConfigurationPlatforms) = postSolution
		{BD7C3FD0-C932-4D15-9F75-8C8EADB63FE1}.Debug|Any CPU.ActiveCfg = Debug|Any CPU
		{BD7C3FD0-C932-4D15-9F75-8C8EADB63FE1}.Debug|Any CPU.Build.0 = Debug|Any CPU
		{BD7C3FD0-C932-4D15-9F75-8C8EADB63FE1}.Release|Any CPU.ActiveCfg = Release|Any CPU
		{BD7C3FD0-C932-4D15-9F75-8C8EADB63FE1}.Release|Any CPU.Build.0 = Release|Any CPU
	EndGlobalSection
	GlobalSection(SolutionProperties) = preSolution
		HideSolutionNode = FALSE
	EndGlobalSection
	GlobalSection(ExtensibilityGlobals) = postSolution
		SolutionGuid = {11E58F2F-E48E-47EF-953F-E2B41A88CFC2}
	EndGlobalSection
EndGlobal
