
Microsoft Visual Studio Solution File, Format Version 12.00
# Visual Studio Version 16
VisualStudioVersion = 16.0.29806.167
MinimumVisualStudioVersion = 10.0.40219.1
Project("{FAE04EC0-301F-11D3-BF4B-00C04F79EFBC}") = "JaggedArrays", "JaggedArrays\JaggedArrays.csproj", "{CED95AF9-E52A-4FE4-B41F-ECFAFC244AB5}"
EndProject
Global
	GlobalSection(SolutionConfigurationPlatforms) = preSolution
		Debug|Any CPU = Debug|Any CPU
		Release|Any CPU = Release|Any CPU
	EndGlobalSection
	GlobalSection(ProjectConfigurationPlatforms) = postSolution
		{CED95AF9-E52A-4FE4-B41F-ECFAFC244AB5}.Debug|Any CPU.ActiveCfg = Debug|Any CPU
		{CED95AF9-E52A-4FE4-B41F-ECFAFC244AB5}.Debug|Any CPU.Build.0 = Debug|Any CPU
		{CED95AF9-E52A-4FE4-B41F-ECFAFC244AB5}.Release|Any CPU.ActiveCfg = Release|Any CPU
		{CED95AF9-E52A-4FE4-B41F-ECFAFC244AB5}.Release|Any CPU.Build.0 = Release|Any CPU
	EndGlobalSection
	GlobalSection(SolutionProperties) = preSolution
		HideSolutionNode = FALSE
	EndGlobalSection
	GlobalSection(ExtensibilityGlobals) = postSolution
		SolutionGuid = {DC7E36DB-CDCD-45BC-B699-5204F6AC02FE}
	EndGlobalSection
EndGlobal
