
Microsoft Visual Studio Solution File, Format Version 12.00
# Visual Studio Version 16
VisualStudioVersion = 16.0.29613.14
MinimumVisualStudioVersion = 10.0.40219.1
Project("{FAE04EC0-301F-11D3-BF4B-00C04F79EFBC}") = "Goto", "Goto\Goto.csproj", "{A2467662-E62A-4C07-A0A3-0AA0C97DBA97}"
EndProject
Global
	GlobalSection(SolutionConfigurationPlatforms) = preSolution
		Debug|Any CPU = Debug|Any CPU
		Release|Any CPU = Release|Any CPU
	EndGlobalSection
	GlobalSection(ProjectConfigurationPlatforms) = postSolution
		{A2467662-E62A-4C07-A0A3-0AA0C97DBA97}.Debug|Any CPU.ActiveCfg = Debug|Any CPU
		{A2467662-E62A-4C07-A0A3-0AA0C97DBA97}.Debug|Any CPU.Build.0 = Debug|Any CPU
		{A2467662-E62A-4C07-A0A3-0AA0C97DBA97}.Release|Any CPU.ActiveCfg = Release|Any CPU
		{A2467662-E62A-4C07-A0A3-0AA0C97DBA97}.Release|Any CPU.Build.0 = Release|Any CPU
	EndGlobalSection
	GlobalSection(SolutionProperties) = preSolution
		HideSolutionNode = FALSE
	EndGlobalSection
	GlobalSection(ExtensibilityGlobals) = postSolution
		SolutionGuid = {5690AE9D-501C-4B29-8736-077A17B287EE}
	EndGlobalSection
EndGlobal
