
Microsoft Visual Studio Solution File, Format Version 12.00
# Visual Studio Version 16
VisualStudioVersion = 16.0.30011.22
MinimumVisualStudioVersion = 10.0.40219.1
Project("{FAE04EC0-301F-11D3-BF4B-00C04F79EFBC}") = "EventTimer", "EventTimer\EventTimer.csproj", "{D2316934-CCA2-4807-BD40-CB4F36325635}"
EndProject
Global
	GlobalSection(SolutionConfigurationPlatforms) = preSolution
		Debug|Any CPU = Debug|Any CPU
		Release|Any CPU = Release|Any CPU
	EndGlobalSection
	GlobalSection(ProjectConfigurationPlatforms) = postSolution
		{D2316934-CCA2-4807-BD40-CB4F36325635}.Debug|Any CPU.ActiveCfg = Debug|Any CPU
		{D2316934-CCA2-4807-BD40-CB4F36325635}.Debug|Any CPU.Build.0 = Debug|Any CPU
		{D2316934-CCA2-4807-BD40-CB4F36325635}.Release|Any CPU.ActiveCfg = Release|Any CPU
		{D2316934-CCA2-4807-BD40-CB4F36325635}.Release|Any CPU.Build.0 = Release|Any CPU
	EndGlobalSection
	GlobalSection(SolutionProperties) = preSolution
		HideSolutionNode = FALSE
	EndGlobalSection
	GlobalSection(ExtensibilityGlobals) = postSolution
		SolutionGuid = {DE437C3E-1AC4-4C55-8495-336AE649F333}
	EndGlobalSection
EndGlobal
