
Microsoft Visual Studio Solution File, Format Version 12.00
# Visual Studio Version 16
VisualStudioVersion = 16.0.29613.14
MinimumVisualStudioVersion = 10.0.40219.1
Project("{FAE04EC0-301F-11D3-BF4B-00C04F79EFBC}") = "Property", "Property\Property.csproj", "{BF43CD19-23D7-4821-B18A-6FFA4719F54C}"
EndProject
Global
	GlobalSection(SolutionConfigurationPlatforms) = preSolution
		Debug|Any CPU = Debug|Any CPU
		Release|Any CPU = Release|Any CPU
	EndGlobalSection
	GlobalSection(ProjectConfigurationPlatforms) = postSolution
		{BF43CD19-23D7-4821-B18A-6FFA4719F54C}.Debug|Any CPU.ActiveCfg = Debug|Any CPU
		{BF43CD19-23D7-4821-B18A-6FFA4719F54C}.Debug|Any CPU.Build.0 = Debug|Any CPU
		{BF43CD19-23D7-4821-B18A-6FFA4719F54C}.Release|Any CPU.ActiveCfg = Release|Any CPU
		{BF43CD19-23D7-4821-B18A-6FFA4719F54C}.Release|Any CPU.Build.0 = Release|Any CPU
	EndGlobalSection
	GlobalSection(SolutionProperties) = preSolution
		HideSolutionNode = FALSE
	EndGlobalSection
	GlobalSection(ExtensibilityGlobals) = postSolution
		SolutionGuid = {1FAEEAFF-76C8-42DE-82A3-6BFA066E6CB8}
	EndGlobalSection
EndGlobal
