
Microsoft Visual Studio Solution File, Format Version 12.00
# Visual Studio Version 16
VisualStudioVersion = 16.0.29926.136
MinimumVisualStudioVersion = 10.0.40219.1
Project("{FAE04EC0-301F-11D3-BF4B-00C04F79EFBC}") = "DelegateTimer", "DelegateTimer\DelegateTimer.csproj", "{EF2CBFBB-C08B-4C12-B04F-668D70C31EFB}"
EndProject
Global
	GlobalSection(SolutionConfigurationPlatforms) = preSolution
		Debug|Any CPU = Debug|Any CPU
		Release|Any CPU = Release|Any CPU
	EndGlobalSection
	GlobalSection(ProjectConfigurationPlatforms) = postSolution
		{EF2CBFBB-C08B-4C12-B04F-668D70C31EFB}.Debug|Any CPU.ActiveCfg = Debug|Any CPU
		{EF2CBFBB-C08B-4C12-B04F-668D70C31EFB}.Debug|Any CPU.Build.0 = Debug|Any CPU
		{EF2CBFBB-C08B-4C12-B04F-668D70C31EFB}.Release|Any CPU.ActiveCfg = Release|Any CPU
		{EF2CBFBB-C08B-4C12-B04F-668D70C31EFB}.Release|Any CPU.Build.0 = Release|Any CPU
	EndGlobalSection
	GlobalSection(SolutionProperties) = preSolution
		HideSolutionNode = FALSE
	EndGlobalSection
	GlobalSection(ExtensibilityGlobals) = postSolution
		SolutionGuid = {CA8E4F51-729F-4C2A-A94C-7934B82CE665}
	EndGlobalSection
EndGlobal
