
Microsoft Visual Studio Solution File, Format Version 12.00
# Visual Studio Version 16
VisualStudioVersion = 16.0.29613.14
MinimumVisualStudioVersion = 10.0.40219.1
Project("{FAE04EC0-301F-11D3-BF4B-00C04F79EFBC}") = "FirstApp", "FirstApp\FirstApp.csproj", "{CAE69EB2-7490-45DF-BDEA-F6B2F8904C1E}"
EndProject
Global
	GlobalSection(SolutionConfigurationPlatforms) = preSolution
		Debug|Any CPU = Debug|Any CPU
		Release|Any CPU = Release|Any CPU
	EndGlobalSection
	GlobalSection(ProjectConfigurationPlatforms) = postSolution
		{CAE69EB2-7490-45DF-BDEA-F6B2F8904C1E}.Debug|Any CPU.ActiveCfg = Debug|Any CPU
		{CAE69EB2-7490-45DF-BDEA-F6B2F8904C1E}.Debug|Any CPU.Build.0 = Debug|Any CPU
		{CAE69EB2-7490-45DF-BDEA-F6B2F8904C1E}.Release|Any CPU.ActiveCfg = Release|Any CPU
		{CAE69EB2-7490-45DF-BDEA-F6B2F8904C1E}.Release|Any CPU.Build.0 = Release|Any CPU
	EndGlobalSection
	GlobalSection(SolutionProperties) = preSolution
		HideSolutionNode = FALSE
	EndGlobalSection
	GlobalSection(ExtensibilityGlobals) = postSolution
		SolutionGuid = {42DF2970-1205-4B02-AB0C-81F5001AC343}
	EndGlobalSection
EndGlobal
