
Microsoft Visual Studio Solution File, Format Version 12.00
# Visual Studio Version 16
VisualStudioVersion = 16.0.29613.14
MinimumVisualStudioVersion = 10.0.40219.1
Project("{FAE04EC0-301F-11D3-BF4B-00C04F79EFBC}") = "FirstApp", "FirstApp\FirstApp.csproj", "{A2D110D8-DEFA-4626-A1F0-1DC4AA581EAC}"
EndProject
Global
	GlobalSection(SolutionConfigurationPlatforms) = preSolution
		Debug|Any CPU = Debug|Any CPU
		Release|Any CPU = Release|Any CPU
	EndGlobalSection
	GlobalSection(ProjectConfigurationPlatforms) = postSolution
		{A2D110D8-DEFA-4626-A1F0-1DC4AA581EAC}.Debug|Any CPU.ActiveCfg = Debug|Any CPU
		{A2D110D8-DEFA-4626-A1F0-1DC4AA581EAC}.Debug|Any CPU.Build.0 = Debug|Any CPU
		{A2D110D8-DEFA-4626-A1F0-1DC4AA581EAC}.Release|Any CPU.ActiveCfg = Release|Any CPU
		{A2D110D8-DEFA-4626-A1F0-1DC4AA581EAC}.Release|Any CPU.Build.0 = Release|Any CPU
	EndGlobalSection
	GlobalSection(SolutionProperties) = preSolution
		HideSolutionNode = FALSE
	EndGlobalSection
	GlobalSection(ExtensibilityGlobals) = postSolution
		SolutionGuid = {D0D786CF-B48F-412D-AAC4-1F81C8AF892A}
	EndGlobalSection
EndGlobal
