
Microsoft Visual Studio Solution File, Format Version 12.00
# Visual Studio Version 16
VisualStudioVersion = 16.0.30011.22
MinimumVisualStudioVersion = 10.0.40219.1
Project("{FAE04EC0-301F-11D3-BF4B-00C04F79EFBC}") = "TryFinally", "TryFinally\TryFinally.csproj", "{2F1BB5FA-2AF0-4CAF-BD6C-9AEC675B1D61}"
EndProject
Global
	GlobalSection(SolutionConfigurationPlatforms) = preSolution
		Debug|Any CPU = Debug|Any CPU
		Release|Any CPU = Release|Any CPU
	EndGlobalSection
	GlobalSection(ProjectConfigurationPlatforms) = postSolution
		{2F1BB5FA-2AF0-4CAF-BD6C-9AEC675B1D61}.Debug|Any CPU.ActiveCfg = Debug|Any CPU
		{2F1BB5FA-2AF0-4CAF-BD6C-9AEC675B1D61}.Debug|Any CPU.Build.0 = Debug|Any CPU
		{2F1BB5FA-2AF0-4CAF-BD6C-9AEC675B1D61}.Release|Any CPU.ActiveCfg = Release|Any CPU
		{2F1BB5FA-2AF0-4CAF-BD6C-9AEC675B1D61}.Release|Any CPU.Build.0 = Release|Any CPU
	EndGlobalSection
	GlobalSection(SolutionProperties) = preSolution
		HideSolutionNode = FALSE
	EndGlobalSection
	GlobalSection(ExtensibilityGlobals) = postSolution
		SolutionGuid = {0BC6048E-1DFB-417F-8546-2D8900288769}
	EndGlobalSection
EndGlobal
